
Microsoft Visual Studio Solution File, Format Version 12.00
# Visual Studio 15
VisualStudioVersion = 15.0.26430.15
MinimumVisualStudioVersion = 10.0.40219.1
Project("{FAE04EC0-301F-11D3-BF4B-00C04F79EFBC}") = "RegexTool.Core", "RegexTool.Core\RegexTool.Core.csproj", "{42D7908C-F0C8-4B79-9743-8E38F0897046}"
EndProject
Project("{FAE04EC0-301F-11D3-BF4B-00C04F79EFBC}") = "RegexTool.UI", "RegexTool.UI\RegexTool.UI.csproj", "{1334683C-D090-4459-80DE-817B54E15ED1}"
EndProject
Global
	GlobalSection(SolutionConfigurationPlatforms) = preSolution
		Debug|Any CPU = Debug|Any CPU
		Release|Any CPU = Release|Any CPU
	EndGlobalSection
	GlobalSection(ProjectConfigurationPlatforms) = postSolution
		{42D7908C-F0C8-4B79-9743-8E38F0897046}.Debug|Any CPU.ActiveCfg = Debug|Any CPU
		{42D7908C-F0C8-4B79-9743-8E38F0897046}.Debug|Any CPU.Build.0 = Debug|Any CPU
		{42D7908C-F0C8-4B79-9743-8E38F0897046}.Release|Any CPU.ActiveCfg = Release|Any CPU
		{42D7908C-F0C8-4B79-9743-8E38F0897046}.Release|Any CPU.Build.0 = Release|Any CPU
		{1334683C-D090-4459-80DE-817B54E15ED1}.Debug|Any CPU.ActiveCfg = Debug|Any CPU
		{1334683C-D090-4459-80DE-817B54E15ED1}.Debug|Any CPU.Build.0 = Debug|Any CPU
		{1334683C-D090-4459-80DE-817B54E15ED1}.Release|Any CPU.ActiveCfg = Release|Any CPU
		{1334683C-D090-4459-80DE-817B54E15ED1}.Release|Any CPU.Build.0 = Release|Any CPU
	EndGlobalSection
	GlobalSection(SolutionProperties) = preSolution
		HideSolutionNode = FALSE
	EndGlobalSection
EndGlobal
